# This file is automatically @generated by Cargo.
# It is not intended for manual editing.
version = 3

[[package]]
name = "accessor"
version = "0.3.3"
source = "registry+https://github.com/rust-lang/crates.io-index"
checksum = "bd8b2abd55bf1f9cffbf00fd594566c51a9d31402553284920c1309ca8351086"

[[package]]
name = "acpi"
version = "0.1.0"
dependencies = [
 "accessor",
 "bit_field",
 "r_acpi",
 "x86_64",
]

[[package]]
name = "aho-corasick"
version = "0.7.18"
source = "registry+https://github.com/rust-lang/crates.io-index"
checksum = "1e37cfd5e7657ada45f742d6e99ca5788580b5c529dc78faf11ece6dc702656f"
dependencies = [
 "memchr",
]

[[package]]
name = "aligned_ptr"
version = "0.1.0"
source = "registry+https://github.com/rust-lang/crates.io-index"
checksum = "5fc5e98d2fade1025ad475e78dbcfd7db6e997f21c6cac8e20e1b530cbac031b"

[[package]]
name = "apic"
version = "0.1.0"
dependencies = [
 "bit_field",
 "num-derive",
 "num-traits",
 "paste",
 "x86_64",
]

[[package]]
name = "approx"
version = "0.5.1"
source = "registry+https://github.com/rust-lang/crates.io-index"
checksum = "cab112f0a86d568ea0e627cc1d6be74a1e9cd55214684db5561995f6dad897c6"
dependencies = [
 "num-traits",
]

[[package]]
name = "arrayvec"
version = "0.7.2"
source = "registry+https://github.com/rust-lang/crates.io-index"
checksum = "8da52d66c7071e2e3fa2a1e5c6d088fec47b593032b254f5e980de8ea54454d6"

[[package]]
name = "atomic-polyfill"
version = "0.1.6"
source = "registry+https://github.com/rust-lang/crates.io-index"
checksum = "ee6adc1648f03fbc1bc1b5cf0f2fdfb5edbc96215b711edcfe6ce2641ef9b347"
dependencies = [
 "critical-section",
 "riscv-target",
]

[[package]]
name = "autocfg"
version = "1.0.1"
source = "registry+https://github.com/rust-lang/crates.io-index"
checksum = "cdb031dd78e28731d87d56cc8ffef4a8f36ca26c38fe2de700543e627f8a464a"

[[package]]
name = "bare-metal"
version = "0.2.5"
source = "registry+https://github.com/rust-lang/crates.io-index"
checksum = "5deb64efa5bd81e31fcd1938615a6d98c82eafcbcd787162b6f63b91d6bac5b3"
dependencies = [
 "rustc_version 0.2.3",
]

[[package]]
name = "bare-metal"
version = "1.0.0"
source = "registry+https://github.com/rust-lang/crates.io-index"
checksum = "f8fe8f5a8a398345e52358e18ff07cc17a568fbca5c6f73873d3a62056309603"

[[package]]
name = "bit_field"
version = "0.10.1"
source = "registry+https://github.com/rust-lang/crates.io-index"
checksum = "dcb6dd1c2376d2e096796e234a70e17e94cc2d5d54ff8ce42b28cef1d0d359a4"

[[package]]
name = "bitfield"
version = "0.13.2"
source = "registry+https://github.com/rust-lang/crates.io-index"
checksum = "46afbd2983a5d5a7bd740ccb198caf5b82f45c40c09c0eed36052d91cb92e719"

[[package]]
name = "bitflags"
version = "1.3.2"
source = "registry+https://github.com/rust-lang/crates.io-index"
checksum = "bef38d45163c2f1dde094a7dfd33ccf595c92905c8f8f4fdc18d06fb1037718a"

[[package]]
name = "boot_info"
version = "0.1.0"
dependencies = [
 "aligned_ptr",
 "uefi",
 "x86_64",
]

[[package]]
name = "bootx64"
version = "0.1.0"
dependencies = [
 "aligned_ptr",
 "boot_info",
 "cc",
 "cfg_aliases",
 "elfloader",
 "os_units",
 "predefined_mmap",
 "qemu",
 "qemu_print",
 "rlibc",
 "spinning_top",
 "uefi",
 "x86_64",
]

[[package]]
name = "bytemuck"
version = "1.7.2"
source = "registry+https://github.com/rust-lang/crates.io-index"
checksum = "72957246c41db82b8ef88a5486143830adeb8227ef9837740bdec67724cf2c5b"

[[package]]
name = "byteorder"
version = "1.4.3"
source = "registry+https://github.com/rust-lang/crates.io-index"
checksum = "14c189c53d098945499cdfa7ecc63567cf3886b3332b312a5b4585d8d3a6a610"

[[package]]
name = "cc"
version = "1.0.73"
source = "registry+https://github.com/rust-lang/crates.io-index"
checksum = "2fff2a6927b3bb87f9595d67196a70493f627687a71d87a0d692242c33f58c11"

[[package]]
name = "cfg-if"
version = "1.0.0"
source = "registry+https://github.com/rust-lang/crates.io-index"
checksum = "baf1de4339761588bc0619e3cbc0120ee582ebb74b53b4efbf79117bd2da40fd"

[[package]]
name = "cfg_aliases"
version = "0.1.1"
source = "registry+https://github.com/rust-lang/crates.io-index"
checksum = "fd16c4719339c4530435d38e511904438d07cce7950afa3718a84ac36c10e89e"

[[package]]
name = "config"
version = "0.1.0"

[[package]]
name = "conquer-once"
version = "0.3.2"
source = "registry+https://github.com/rust-lang/crates.io-index"
checksum = "7c6d3a9775a69f6d1fe2cc888999b67ed30257d3da4d2af91984e722f2ec918a"
dependencies = [
 "conquer-util",
]

[[package]]
name = "conquer-util"
version = "0.3.0"
source = "registry+https://github.com/rust-lang/crates.io-index"
checksum = "e763eef8846b13b380f37dfecda401770b0ca4e56e95170237bd7c25c7db3582"

[[package]]
name = "cortex-m"
version = "0.7.3"
source = "registry+https://github.com/rust-lang/crates.io-index"
checksum = "2ac919ef424449ec8c08d515590ce15d9262c0ca5f0da5b0c901e971a3b783b3"
dependencies = [
 "bare-metal 0.2.5",
 "bitfield",
 "embedded-hal",
 "volatile-register",
]

[[package]]
name = "cpio_reader"
version = "0.1.0"
source = "registry+https://github.com/rust-lang/crates.io-index"
checksum = "bd420c52d86c5b08c494e7e3d16bce23f08f3f6544cccce2d6cc986d3144dca1"
dependencies = [
 "bitflags",
]

[[package]]
name = "critical-section"
version = "0.2.5"
source = "registry+https://github.com/rust-lang/crates.io-index"
checksum = "01e191a5a6f6edad9b679777ef6b6c0f2bdd4a333f2ecb8f61c3e28109a03d70"
dependencies = [
 "bare-metal 1.0.0",
 "cfg-if",
 "cortex-m",
 "riscv",
]

[[package]]
name = "debug"
version = "0.1.0"
dependencies = [
 "cc",
]

[[package]]
name = "elfloader"
version = "0.15.0"
source = "registry+https://github.com/rust-lang/crates.io-index"
checksum = "23e01bd5dc6be11bc08285398ec8161e4ed2154007e6ac552d112b28e4219c81"
dependencies = [
 "bitflags",
 "log",
 "xmas-elf",
]

[[package]]
name = "embedded-hal"
version = "0.2.6"
source = "registry+https://github.com/rust-lang/crates.io-index"
checksum = "e36cfb62ff156596c892272f3015ef952fe1525e85261fa3a7f327bd6b384ab9"
dependencies = [
 "nb 0.1.3",
 "void",
]

[[package]]
name = "font8x8"
version = "0.3.1"
source = "registry+https://github.com/rust-lang/crates.io-index"
checksum = "875488b8711a968268c7cf5d139578713097ca4635a76044e8fe8eedf831d07e"

[[package]]
name = "frame_allocator"
version = "0.1.0"
dependencies = [
 "arrayvec",
 "bit_field",
 "os_units",
 "uefi",
 "x86_64",
]

[[package]]
name = "hash32"
version = "0.2.1"
source = "registry+https://github.com/rust-lang/crates.io-index"
checksum = "b0c35f58762feb77d74ebe43bdbc3210f09be9fe6742234d573bacc26ed92b67"
dependencies = [
 "byteorder",
]

[[package]]
name = "heapless"
version = "0.7.10"
source = "registry+https://github.com/rust-lang/crates.io-index"
checksum = "d076121838e03f862871315477528debffdb7462fb229216ecef91b1a3eb31eb"
dependencies = [
 "atomic-polyfill",
 "hash32",
 "spin",
 "stable_deref_trait",
]

[[package]]
name = "init"
version = "0.1.0"
dependencies = [
 "ipc",
 "pid",
 "rlibc",
 "syscalls",
]

[[package]]
name = "ipc"
version = "0.1.0"
dependencies = [
 "cc",
 "num-derive",
 "num-traits",
 "pid",
 "posix",
]

[[package]]
name = "kernel"
version = "0.1.0"
dependencies = [
 "accessor",
 "acpi",
 "aligned_ptr",
 "apic",
 "arrayvec",
 "boot_info",
 "cc",
 "cfg_aliases",
 "config",
 "conquer-once",
 "cpio_reader",
 "elfloader",
 "frame_allocator",
 "heapless",
 "ipc",
 "log",
 "num-derive",
 "num-traits",
 "os_units",
 "pic",
 "pid",
 "posix",
 "predefined_mmap",
 "qemu",
 "qemu_print",
 "rlibc",
 "spinning_top",
 "static_assertions",
 "syscalls",
 "uefi",
 "vm",
 "x86_64",
]

[[package]]
name = "lazy_static"
version = "1.4.0"
source = "registry+https://github.com/rust-lang/crates.io-index"
checksum = "e2abad23fbc42b3700f2f279844dc832adb2b2eb069b2df918f455c4e18cc646"

[[package]]
name = "libm"
version = "0.2.1"
source = "registry+https://github.com/rust-lang/crates.io-index"
checksum = "c7d73b3f436185384286bd8098d17ec07c9a7d2388a6599f824d8502b529702a"

[[package]]
name = "linked_list_allocator"
version = "0.9.1"
source = "registry+https://github.com/rust-lang/crates.io-index"
checksum = "549ce1740e46b291953c4340adcd74c59bcf4308f4cac050fd33ba91b7168f4a"

[[package]]
name = "lock_api"
version = "0.4.5"
source = "registry+https://github.com/rust-lang/crates.io-index"
checksum = "712a4d093c9976e24e7dbca41db895dabcbac38eb5f4045393d17a95bdfb1109"
dependencies = [
 "scopeguard",
]

[[package]]
name = "log"
version = "0.4.16"
source = "registry+https://github.com/rust-lang/crates.io-index"
checksum = "6389c490849ff5bc16be905ae24bc913a9c8892e19b2341dbc175e14c341c2b8"
dependencies = [
 "cfg-if",
]

[[package]]
name = "memchr"
version = "2.4.1"
source = "registry+https://github.com/rust-lang/crates.io-index"
checksum = "308cc39be01b73d0d18f82a0e7b2a3df85245f84af96fdddc5d202d27e47b86a"

[[package]]
name = "nb"
version = "0.1.3"
source = "registry+https://github.com/rust-lang/crates.io-index"
checksum = "801d31da0513b6ec5214e9bf433a77966320625a37860f910be265be6e18d06f"
dependencies = [
 "nb 1.0.0",
]

[[package]]
name = "nb"
version = "1.0.0"
source = "registry+https://github.com/rust-lang/crates.io-index"
checksum = "546c37ac5d9e56f55e73b677106873d9d9f5190605e41a856503623648488cae"

[[package]]
name = "num-derive"
version = "0.3.3"
source = "registry+https://github.com/rust-lang/crates.io-index"
checksum = "876a53fff98e03a936a674b29568b0e605f06b29372c2489ff4de23f1949743d"
dependencies = [
 "proc-macro2",
 "quote",
 "syn",
]

[[package]]
name = "num-integer"
version = "0.1.44"
source = "registry+https://github.com/rust-lang/crates.io-index"
checksum = "d2cc698a63b549a70bc047073d2949cce27cd1c7b0a4a862d08a8031bc2801db"
dependencies = [
 "autocfg",
 "num-traits",
]

[[package]]
name = "num-traits"
version = "0.2.14"
source = "registry+https://github.com/rust-lang/crates.io-index"
checksum = "9a64b1ec5cda2586e284722486d802acf1f7dbdc623e2bfc57e65ca1cd099290"
dependencies = [
 "autocfg",
 "libm",
]

[[package]]
name = "os_units"
version = "0.4.2"
source = "registry+https://github.com/rust-lang/crates.io-index"
checksum = "76f5d56adacad84b1031b481722ddd4ec261ba0b5c420d45855248918b21dff3"
dependencies = [
 "x86_64",
]

[[package]]
name = "paste"
version = "1.0.7"
source = "registry+https://github.com/rust-lang/crates.io-index"
checksum = "0c520e05135d6e763148b6426a837e239041653ba7becd2e538c076c738025fc"

[[package]]
name = "pic"
version = "0.1.0"
dependencies = [
 "pic8259",
 "spinning_top",
]

[[package]]
name = "pic8259"
version = "0.10.2"
source = "registry+https://github.com/rust-lang/crates.io-index"
checksum = "24ec21f514e2e16e94649f1d041ca4a7069b512c037ac156360652a775e6229d"
dependencies = [
 "x86_64",
]

[[package]]
name = "pid"
version = "0.1.0"
dependencies = [
 "posix",
]

[[package]]
name = "pm"
version = "0.1.0"
dependencies = [
 "arrayvec",
 "config",
 "ipc",
 "pid",
 "rlibc",
 "spinning_top",
 "syscalls",
]

[[package]]
name = "posix"
version = "0.1.0"

[[package]]
name = "predefined_mmap"
version = "0.1.0"
dependencies = [
 "os_units",
 "x86_64",
]

[[package]]
name = "proc-macro2"
version = "1.0.29"
source = "registry+https://github.com/rust-lang/crates.io-index"
checksum = "b9f5105d4fdaab20335ca9565e106a5d9b82b6219b5ba735731124ac6711d23d"
dependencies = [
 "unicode-xid",
]

[[package]]
name = "qemu"
version = "0.1.0"
dependencies = [
 "static_assertions",
 "x86_64",
]

[[package]]
name = "qemu_print"
version = "0.1.0"
source = "registry+https://github.com/rust-lang/crates.io-index"
checksum = "49965830b860c7343346f53da0e6484c6e01af4d33eccffc6cae349f190c4a96"
dependencies = [
 "conquer-once",
 "spinning_top",
 "uart_16550",
]

[[package]]
name = "quote"
version = "1.0.9"
source = "registry+https://github.com/rust-lang/crates.io-index"
checksum = "c3d0b9745dc2debf507c8422de05d7226cc1f0644216dfdfead988f9b1ab32a7"
dependencies = [
 "proc-macro2",
]

[[package]]
name = "r-efi"
version = "4.0.0"
source = "registry+https://github.com/rust-lang/crates.io-index"
checksum = "6c4257a6ffb364d7f938c0311733a793327639b3d34c0b4af0b3bb775ef3e1b8"

[[package]]
name = "r_acpi"
version = "0.1.0"
dependencies = [
 "static_assertions",
]

[[package]]
name = "regex"
version = "1.5.5"
source = "registry+https://github.com/rust-lang/crates.io-index"
checksum = "1a11647b6b25ff05a515cb92c365cec08801e83423a235b51e231e1808747286"
dependencies = [
 "aho-corasick",
 "memchr",
 "regex-syntax",
]

[[package]]
name = "regex-syntax"
version = "0.6.25"
source = "registry+https://github.com/rust-lang/crates.io-index"
checksum = "f497285884f3fcff424ffc933e56d7cbca511def0c9831a7f9b5f6153e3cc89b"

[[package]]
name = "rgb"
version = "0.8.32"
source = "registry+https://github.com/rust-lang/crates.io-index"
checksum = "e74fdc210d8f24a7dbfedc13b04ba5764f5232754ccebfdf5fff1bad791ccbc6"
dependencies = [
 "bytemuck",
]

[[package]]
name = "riscv"
version = "0.7.0"
source = "registry+https://github.com/rust-lang/crates.io-index"
checksum = "6907ccdd7a31012b70faf2af85cd9e5ba97657cc3987c4f13f8e4d2c2a088aba"
dependencies = [
 "bare-metal 1.0.0",
 "bit_field",
 "riscv-target",
]

[[package]]
name = "riscv-target"
version = "0.1.2"
source = "registry+https://github.com/rust-lang/crates.io-index"
checksum = "88aa938cda42a0cf62a20cfe8d139ff1af20c2e681212b5b34adb5a58333f222"
dependencies = [
 "lazy_static",
 "regex",
]

[[package]]
name = "rlibc"
version = "1.0.0"
source = "registry+https://github.com/rust-lang/crates.io-index"
checksum = "fc874b127765f014d792f16763a81245ab80500e2ad921ed4ee9e82481ee08fe"

[[package]]
name = "rustc_version"
version = "0.2.3"
source = "registry+https://github.com/rust-lang/crates.io-index"
checksum = "138e3e0acb6c9fb258b19b67cb8abd63c00679d2851805ea151465464fe9030a"
dependencies = [
 "semver 0.9.0",
]

[[package]]
name = "rustc_version"
version = "0.4.0"
source = "registry+https://github.com/rust-lang/crates.io-index"
checksum = "bfa0f585226d2e68097d4f95d113b15b83a82e819ab25717ec0590d9584ef366"
dependencies = [
 "semver 1.0.6",
]

[[package]]
name = "scopeguard"
version = "1.1.0"
source = "registry+https://github.com/rust-lang/crates.io-index"
checksum = "d29ab0c6d3fc0ee92fe66e2d99f700eab17a8d57d1c1d3b748380fb20baa78cd"

[[package]]
name = "semver"
version = "0.9.0"
source = "registry+https://github.com/rust-lang/crates.io-index"
checksum = "1d7eb9ef2c18661902cc47e535f9bc51b78acd254da71d375c2f6720d9a40403"
dependencies = [
 "semver-parser",
]

[[package]]
name = "semver"
version = "1.0.6"
source = "registry+https://github.com/rust-lang/crates.io-index"
checksum = "a4a3381e03edd24287172047536f20cabde766e2cd3e65e6b00fb3af51c4f38d"

[[package]]
name = "semver-parser"
version = "0.7.0"
source = "registry+https://github.com/rust-lang/crates.io-index"
checksum = "388a1df253eca08550bef6c72392cfe7c30914bf41df5269b68cbd6ff8f570a3"

[[package]]
name = "spin"
version = "0.9.2"
source = "registry+https://github.com/rust-lang/crates.io-index"
checksum = "511254be0c5bcf062b019a6c89c01a664aa359ded62f78aa72c6fc137c0590e5"
dependencies = [
 "lock_api",
]

[[package]]
name = "spinning_top"
version = "0.2.4"
source = "registry+https://github.com/rust-lang/crates.io-index"
checksum = "75adad84ee84b521fb2cca2d4fd0f1dab1d8d026bda3c5bea4ca63b5f9f9293c"
dependencies = [
 "lock_api",
]

[[package]]
name = "stable_deref_trait"
version = "1.2.0"
source = "registry+https://github.com/rust-lang/crates.io-index"
checksum = "a8f112729512f8e442d81f95a8a7ddf2b7c6b8a1a6f509a95864142b30cab2d3"

[[package]]
name = "static_assertions"
version = "1.1.0"
source = "registry+https://github.com/rust-lang/crates.io-index"
checksum = "a2eb9349b6444b326872e140eb1cf5e7c522154d69e7a0ffb0fb81c06b37543f"

[[package]]
name = "syn"
version = "1.0.76"
source = "registry+https://github.com/rust-lang/crates.io-index"
checksum = "c6f107db402c2c2055242dbf4d2af0e69197202e9faacbef9571bbe47f5a1b84"
dependencies = [
 "proc-macro2",
 "quote",
 "unicode-xid",
]

[[package]]
name = "syscalls"
version = "0.1.0"
dependencies = [
 "ipc",
 "num-derive",
 "num-traits",
 "os_units",
 "pid",
 "x86_64",
]

[[package]]
name = "tty"
version = "0.1.0"
dependencies = [
 "bit_field",
 "conquer-once",
 "font8x8",
 "ipc",
 "num-traits",
 "os_units",
 "rgb",
 "rlibc",
 "spinning_top",
 "syscalls",
 "vek",
 "x86_64",
]

[[package]]
name = "uart_16550"
version = "0.2.15"
source = "registry+https://github.com/rust-lang/crates.io-index"
checksum = "65ad019480ef5ff8ffe66d6f6a259cd87cf317649481394981db1739d844f374"
dependencies = [
 "bitflags",
 "x86_64",
]

[[package]]
name = "ucs2"
version = "0.3.2"
source = "registry+https://github.com/rust-lang/crates.io-index"
checksum = "bad643914094137d475641b6bab89462505316ec2ce70907ad20102d28a79ab8"
dependencies = [
 "bit_field",
]

[[package]]
name = "uefi"
version = "0.1.0"
dependencies = [
 "aligned_ptr",
 "num-derive",
 "num-traits",
 "r-efi",
 "ucs2",
 "x86_64",
]

[[package]]
name = "unicode-xid"
version = "0.2.2"
source = "registry+https://github.com/rust-lang/crates.io-index"
checksum = "8ccb82d61f80a663efe1f787a51b16b5a51e3314d6ac365b08639f52387b33f3"

[[package]]
name = "vcell"
version = "0.1.3"
source = "registry+https://github.com/rust-lang/crates.io-index"
checksum = "77439c1b53d2303b20d9459b1ade71a83c716e3f9c34f3228c00e6f185d6c002"

[[package]]
name = "vek"
version = "0.15.7"
source = "registry+https://github.com/rust-lang/crates.io-index"
checksum = "2dcfb4368fdf4143fe9fe414293e7228b30e75a866ac94464d19824ca5c491df"
dependencies = [
 "approx",
 "num-integer",
 "num-traits",
 "rustc_version 0.4.0",
 "static_assertions",
]

[[package]]
name = "vfs"
version = "0.1.0"
dependencies = [
 "config",
 "ipc",
 "pid",
 "rlibc",
 "spinning_top",
 "syscalls",
]

[[package]]
name = "vm"
version = "0.1.0"
dependencies = [
 "accessor",
 "aligned_ptr",
 "cfg_aliases",
 "conquer-once",
 "elfloader",
 "frame_allocator",
 "linked_list_allocator",
 "os_units",
 "predefined_mmap",
 "spinning_top",
 "uefi",
 "x86_64",
]

[[package]]
name = "vm_server"
version = "0.1.0"
dependencies = [
 "ipc",
 "rlibc",
]

[[package]]
name = "void"
version = "1.0.2"
source = "registry+https://github.com/rust-lang/crates.io-index"
checksum = "6a02e4885ed3bc0f2de90ea6dd45ebcbb66dacffe03547fadbb0eeae2770887d"

[[package]]
name = "volatile"
version = "0.4.4"
source = "registry+https://github.com/rust-lang/crates.io-index"
checksum = "e4c2dbd44eb8b53973357e6e207e370f0c1059990df850aca1eca8947cf464f0"

[[package]]
name = "volatile-register"
version = "0.2.1"
source = "registry+https://github.com/rust-lang/crates.io-index"
checksum = "9ee8f19f9d74293faf70901bc20ad067dc1ad390d2cbf1e3f75f721ffee908b6"
dependencies = [
 "vcell",
]

[[package]]
name = "x86_64"
version = "0.14.8"
source = "registry+https://github.com/rust-lang/crates.io-index"
checksum = "958ab3202b01bc43ba2eb832102c4a487ed93151667a2289062e5f2b00058be2"
dependencies = [
 "bit_field",
 "bitflags",
 "cc",
 "volatile",
]

[[package]]
name = "xhci"
version = "0.1.0"

[[package]]
name = "xmas-elf"
version = "0.8.0"
source = "registry+https://github.com/rust-lang/crates.io-index"
checksum = "8d29b4d8e7beaceb4e77447ba941a7600d23d0319ab52da0461abea214832d5a"
dependencies = [
 "zero",
]

[[package]]
name = "zero"
version = "0.1.2"
source = "registry+https://github.com/rust-lang/crates.io-index"
checksum = "5f1bc8a6b2005884962297587045002d8cfb8dcec9db332f4ca216ddc5de82c5"
